
Microsoft Visual Studio Solution File, Format Version 12.00
# Visual Studio Version 17
VisualStudioVersion = 17.5.33516.290
MinimumVisualStudioVersion = 10.0.40219.1
Project("{FAE04EC0-301F-11D3-BF4B-00C04F79EFBC}") = "PdfTools.WindowsFormsApp", "PdfTools.WindowsFormsApp\PdfTools.WindowsFormsApp.csproj", "{D7857708-EC2C-4965-BC0F-7AE45FA8D553}"
EndProject
Project("{FAE04EC0-301F-11D3-BF4B-00C04F79EFBC}") = "PayamHannan.PdfTools", "PayamHannan.PdfTools\PayamHannan.PdfTools.csproj", "{50371683-2555-497E-88B4-E0A9371A6D06}"
EndProject
Global
	GlobalSection(SolutionConfigurationPlatforms) = preSolution
		Debug|Any CPU = Debug|Any CPU
		Release|Any CPU = Release|Any CPU
	EndGlobalSection
	GlobalSection(ProjectConfigurationPlatforms) = postSolution
		{D7857708-EC2C-4965-BC0F-7AE45FA8D553}.Debug|Any CPU.ActiveCfg = Debug|Any CPU
		{D7857708-EC2C-4965-BC0F-7AE45FA8D553}.Debug|Any CPU.Build.0 = Debug|Any CPU
		{D7857708-EC2C-4965-BC0F-7AE45FA8D553}.Release|Any CPU.ActiveCfg = Release|Any CPU
		{D7857708-EC2C-4965-BC0F-7AE45FA8D553}.Release|Any CPU.Build.0 = Release|Any CPU
		{50371683-2555-497E-88B4-E0A9371A6D06}.Debug|Any CPU.ActiveCfg = Debug|Any CPU
		{50371683-2555-497E-88B4-E0A9371A6D06}.Debug|Any CPU.Build.0 = Debug|Any CPU
		{50371683-2555-497E-88B4-E0A9371A6D06}.Release|Any CPU.ActiveCfg = Release|Any CPU
		{50371683-2555-497E-88B4-E0A9371A6D06}.Release|Any CPU.Build.0 = Release|Any CPU
	EndGlobalSection
	GlobalSection(SolutionProperties) = preSolution
		HideSolutionNode = FALSE
	EndGlobalSection
	GlobalSection(ExtensibilityGlobals) = postSolution
		SolutionGuid = {3532B3D3-916C-441B-A9F3-48B607D94DF5}
	EndGlobalSection
EndGlobal
